
Microsoft Visual Studio Solution File, Format Version 12.00
# Visual Studio 15
VisualStudioVersion = 15.0.28307.705
MinimumVisualStudioVersion = 10.0.40219.1
Project("{FAE04EC0-301F-11D3-BF4B-00C04F79EFBC}") = "Logic", "Logic\Logic.csproj", "{37794074-739C-455B-BED9-2FE80949F746}"
EndProject
Project("{FAE04EC0-301F-11D3-BF4B-00C04F79EFBC}") = "Test", "Test\Test.csproj", "{83D98212-7ED2-45E0-9E94-739846AA0497}"
EndProject
Global
	GlobalSection(SolutionConfigurationPlatforms) = preSolution
		Debug|Any CPU = Debug|Any CPU
		Release|Any CPU = Release|Any CPU
	EndGlobalSection
	GlobalSection(ProjectConfigurationPlatforms) = postSolution
		{37794074-739C-455B-BED9-2FE80949F746}.Debug|Any CPU.ActiveCfg = Debug|Any CPU
		{37794074-739C-455B-BED9-2FE80949F746}.Debug|Any CPU.Build.0 = Debug|Any CPU
		{37794074-739C-455B-BED9-2FE80949F746}.Release|Any CPU.ActiveCfg = Release|Any CPU
		{37794074-739C-455B-BED9-2FE80949F746}.Release|Any CPU.Build.0 = Release|Any CPU
		{83D98212-7ED2-45E0-9E94-739846AA0497}.Debug|Any CPU.ActiveCfg = Debug|Any CPU
		{83D98212-7ED2-45E0-9E94-739846AA0497}.Debug|Any CPU.Build.0 = Debug|Any CPU
		{83D98212-7ED2-45E0-9E94-739846AA0497}.Release|Any CPU.ActiveCfg = Release|Any CPU
		{83D98212-7ED2-45E0-9E94-739846AA0497}.Release|Any CPU.Build.0 = Release|Any CPU
	EndGlobalSection
	GlobalSection(SolutionProperties) = preSolution
		HideSolutionNode = FALSE
	EndGlobalSection
	GlobalSection(ExtensibilityGlobals) = postSolution
		SolutionGuid = {CE5AF861-109E-48DD-903B-B52634534CEE}
	EndGlobalSection
EndGlobal
